// !$*UTF8*$!
{
	archiveVersion = 1;
	classes = {
	};
	objectVersion = 56;
	objects = {

/* Begin PBXBuildFile section */
		8F4ECD8D2A0A847D009317AB /* DetailGroupView.swift in Sources */ = {isa = PBXBuildFile; fileRef = 8F4ECD8C2A0A847D009317AB /* DetailGroupView.swift */; };
		8F6104C72A0261CB005E0E81 /* AppliAFPApp.swift in Sources */ = {isa = PBXBuildFile; fileRef = 8F6104C62A0261CB005E0E81 /* AppliAFPApp.swift */; };
		8F6104CB2A0261CD005E0E81 /* Assets.xcassets in Resources */ = {isa = PBXBuildFile; fileRef = 8F6104CA2A0261CD005E0E81 /* Assets.xcassets */; };
		8F6104CE2A0261CD005E0E81 /* Preview Assets.xcassets in Resources */ = {isa = PBXBuildFile; fileRef = 8F6104CD2A0261CD005E0E81 /* Preview Assets.xcassets */; };
		8F6104D52A0263F6005E0E81 /* StaffView.swift in Sources */ = {isa = PBXBuildFile; fileRef = 8F6104D42A0263F6005E0E81 /* StaffView.swift */; };
		8F6104D72A02640A005E0E81 /* AFPView.swift in Sources */ = {isa = PBXBuildFile; fileRef = 8F6104D62A02640A005E0E81 /* AFPView.swift */; };
		8F6104DD2A027E4A005E0E81 /* FirstAFPView.swift in Sources */ = {isa = PBXBuildFile; fileRef = 8F6104DC2A027E4A005E0E81 /* FirstAFPView.swift */; };
		8F6104DF2A028323005E0E81 /* Staff.swift in Sources */ = {isa = PBXBuildFile; fileRef = 8F6104DE2A028323005E0E81 /* Staff.swift */; };
		8F6104E32A028F63005E0E81 /* detailStaffView.swift in Sources */ = {isa = PBXBuildFile; fileRef = 8F6104E22A028F63005E0E81 /* detailStaffView.swift */; };
		8FDEDBDB2A03B8540008D4FA /* ListCompletStaffView.swift in Sources */ = {isa = PBXBuildFile; fileRef = 8FDEDBDA2A03B8540008D4FA /* ListCompletStaffView.swift */; };
		8FEE88052A029B8F00070AAC /* Group.swift in Sources */ = {isa = PBXBuildFile; fileRef = 8FEE88042A029B8F00070AAC /* Group.swift */; };
		8FEE880F2A02AC9100070AAC /* listCompletGroupView.swift in Sources */ = {isa = PBXBuildFile; fileRef = 8FEE880E2A02AC9100070AAC /* listCompletGroupView.swift */; };
		8FF9CA682A08E56200156BDB /* GroupView.swift in Sources */ = {isa = PBXBuildFile; fileRef = 8FF9CA672A08E56200156BDB /* GroupView.swift */; };
/* End PBXBuildFile section */

/* Begin PBXFileReference section */
		8F4ECD8C2A0A847D009317AB /* DetailGroupView.swift */ = {isa = PBXFileReference; lastKnownFileType = sourcecode.swift; path = DetailGroupView.swift; sourceTree = "<group>"; };
		8F6104C32A0261CB005E0E81 /* AppliAFP.app */ = {isa = PBXFileReference; explicitFileType = wrapper.application; includeInIndex = 0; path = AppliAFP.app; sourceTree = BUILT_PRODUCTS_DIR; };
		8F6104C62A0261CB005E0E81 /* AppliAFPApp.swift */ = {isa = PBXFileReference; lastKnownFileType = sourcecode.swift; path = AppliAFPApp.swift; sourceTree = "<group>"; };
		8F6104CA2A0261CD005E0E81 /* Assets.xcassets */ = {isa = PBXFileReference; lastKnownFileType = folder.assetcatalog; path = Assets.xcassets; sourceTree = "<group>"; };
		8F6104CD2A0261CD005E0E81 /* Preview Assets.xcassets */ = {isa = PBXFileReference; lastKnownFileType = folder.assetcatalog; path = "Preview Assets.xcassets"; sourceTree = "<group>"; };
		8F6104D42A0263F6005E0E81 /* StaffView.swift */ = {isa = PBXFileReference; lastKnownFileType = sourcecode.swift; path = StaffView.swift; sourceTree = "<group>"; };
		8F6104D62A02640A005E0E81 /* AFPView.swift */ = {isa = PBXFileReference; lastKnownFileType = sourcecode.swift; path = AFPView.swift; sourceTree = "<group>"; };
		8F6104DC2A027E4A005E0E81 /* FirstAFPView.swift */ = {isa = PBXFileReference; lastKnownFileType = sourcecode.swift; path = FirstAFPView.swift; sourceTree = "<group>"; };
		8F6104DE2A028323005E0E81 /* Staff.swift */ = {isa = PBXFileReference; lastKnownFileType = sourcecode.swift; path = Staff.swift; sourceTree = "<group>"; };
		8F6104E22A028F63005E0E81 /* detailStaffView.swift */ = {isa = PBXFileReference; lastKnownFileType = sourcecode.swift; path = detailStaffView.swift; sourceTree = "<group>"; };
		8FDEDBDA2A03B8540008D4FA /* ListCompletStaffView.swift */ = {isa = PBXFileReference; fileEncoding = 4; lastKnownFileType = sourcecode.swift; name = ListCompletStaffView.swift; path = ../../../../../.Trash/ListCompletStaffView.swift; sourceTree = "<group>"; };
		8FEE88042A029B8F00070AAC /* Group.swift */ = {isa = PBXFileReference; lastKnownFileType = sourcecode.swift; path = Group.swift; sourceTree = "<group>"; };
		8FEE880E2A02AC9100070AAC /* listCompletGroupView.swift */ = {isa = PBXFileReference; lastKnownFileType = sourcecode.swift; path = listCompletGroupView.swift; sourceTree = "<group>"; };
		8FF9CA672A08E56200156BDB /* GroupView.swift */ = {isa = PBXFileReference; lastKnownFileType = sourcecode.swift; path = GroupView.swift; sourceTree = "<group>"; };
/* End PBXFileReference section */

/* Begin PBXFrameworksBuildPhase section */
		8F6104C02A0261CB005E0E81 /* Frameworks */ = {
			isa = PBXFrameworksBuildPhase;
			buildActionMask = 2147483647;
			files = (
			);
			runOnlyForDeploymentPostprocessing = 0;
		};
/* End PBXFrameworksBuildPhase section */

/* Begin PBXGroup section */
		8F6104BA2A0261CB005E0E81 = {
			isa = PBXGroup;
			children = (
				8F6104C52A0261CB005E0E81 /* AppliAFP */,
				8F6104C42A0261CB005E0E81 /* Products */,
			);
			sourceTree = "<group>";
		};
		8F6104C42A0261CB005E0E81 /* Products */ = {
			isa = PBXGroup;
			children = (
				8F6104C32A0261CB005E0E81 /* AppliAFP.app */,
			);
			name = Products;
			sourceTree = "<group>";
		};
		8F6104C52A0261CB005E0E81 /* AppliAFP */ = {
			isa = PBXGroup;
			children = (
				8F6104C62A0261CB005E0E81 /* AppliAFPApp.swift */,
				8F6104DC2A027E4A005E0E81 /* FirstAFPView.swift */,
				8F6104D62A02640A005E0E81 /* AFPView.swift */,
				8FEE880A2A02A37300070AAC /* Staf */,
				8FEE880B2A02A37A00070AAC /* Group */,
				8F6104CA2A0261CD005E0E81 /* Assets.xcassets */,
				8F6104CC2A0261CD005E0E81 /* Preview Content */,
			);
			path = AppliAFP;
			sourceTree = "<group>";
		};
		8F6104CC2A0261CD005E0E81 /* Preview Content */ = {
			isa = PBXGroup;
			children = (
				8F6104CD2A0261CD005E0E81 /* Preview Assets.xcassets */,
			);
			path = "Preview Content";
			sourceTree = "<group>";
		};
		8FEE880A2A02A37300070AAC /* Staf */ = {
			isa = PBXGroup;
			children = (
				8FDEDBDA2A03B8540008D4FA /* ListCompletStaffView.swift */,
				8F6104DE2A028323005E0E81 /* Staff.swift */,
				8F6104D42A0263F6005E0E81 /* StaffView.swift */,
				8F6104E22A028F63005E0E81 /* detailStaffView.swift */,
			);
			path = Staf;
			sourceTree = "<group>";
		};
		8FEE880B2A02A37A00070AAC /* Group */ = {
			isa = PBXGroup;
			children = (
				8FEE880E2A02AC9100070AAC /* listCompletGroupView.swift */,
				8FEE88042A029B8F00070AAC /* Group.swift */,
				8FF9CA672A08E56200156BDB /* GroupView.swift */,
				8F4ECD8C2A0A847D009317AB /* DetailGroupView.swift */,
			);
			path = Group;
			sourceTree = "<group>";
		};
/* End PBXGroup section */

/* Begin PBXNativeTarget section */
		8F6104C22A0261CB005E0E81 /* AppliAFP */ = {
			isa = PBXNativeTarget;
			buildConfigurationList = 8F6104D12A0261CD005E0E81 /* Build configuration list for PBXNativeTarget "AppliAFP" */;
			buildPhases = (
				8F6104BF2A0261CB005E0E81 /* Sources */,
				8F6104C02A0261CB005E0E81 /* Frameworks */,
				8F6104C12A0261CB005E0E81 /* Resources */,
			);
			buildRules = (
			);
			dependencies = (
			);
			name = AppliAFP;
			productName = AppliAFP;
			productReference = 8F6104C32A0261CB005E0E81 /* AppliAFP.app */;
			productType = "com.apple.product-type.application";
		};
/* End PBXNativeTarget section */

/* Begin PBXProject section */
		8F6104BB2A0261CB005E0E81 /* Project object */ = {
			isa = PBXProject;
			attributes = {
				BuildIndependentTargetsInParallel = 1;
				LastSwiftUpdateCheck = 1430;
				LastUpgradeCheck = 1430;
				TargetAttributes = {
					8F6104C22A0261CB005E0E81 = {
						CreatedOnToolsVersion = 14.3;
					};
				};
			};
			buildConfigurationList = 8F6104BE2A0261CB005E0E81 /* Build configuration list for PBXProject "AppliAFP" */;
			compatibilityVersion = "Xcode 14.0";
			developmentRegion = en;
			hasScannedForEncodings = 0;
			knownRegions = (
				en,
				Base,
			);
			mainGroup = 8F6104BA2A0261CB005E0E81;
			productRefGroup = 8F6104C42A0261CB005E0E81 /* Products */;
			projectDirPath = "";
			projectRoot = "";
			targets = (
				8F6104C22A0261CB005E0E81 /* AppliAFP */,
			);
		};
/* End PBXProject section */

/* Begin PBXResourcesBuildPhase section */
		8F6104C12A0261CB005E0E81 /* Resources */ = {
			isa = PBXResourcesBuildPhase;
			buildActionMask = 2147483647;
			files = (
				8F6104CE2A0261CD005E0E81 /* Preview Assets.xcassets in Resources */,
				8F6104CB2A0261CD005E0E81 /* Assets.xcassets in Resources */,
			);
			runOnlyForDeploymentPostprocessing = 0;
		};
/* End PBXResourcesBuildPhase section */

/* Begin PBXSourcesBuildPhase section */
		8F6104BF2A0261CB005E0E81 /* Sources */ = {
			isa = PBXSourcesBuildPhase;
			buildActionMask = 2147483647;
			files = (
				8F4ECD8D2A0A847D009317AB /* DetailGroupView.swift in Sources */,
				8F6104D52A0263F6005E0E81 /* StaffView.swift in Sources */,
				8FDEDBDB2A03B8540008D4FA /* ListCompletStaffView.swift in Sources */,
				8FEE88052A029B8F00070AAC /* Group.swift in Sources */,
				8F6104E32A028F63005E0E81 /* detailStaffView.swift in Sources */,
				8F6104DD2A027E4A005E0E81 /* FirstAFPView.swift in Sources */,
				8F6104D72A02640A005E0E81 /* AFPView.swift in Sources */,
				8F6104C72A0261CB005E0E81 /* AppliAFPApp.swift in Sources */,
				8FEE880F2A02AC9100070AAC /* listCompletGroupView.swift in Sources */,
				8FF9CA682A08E56200156BDB /* GroupView.swift in Sources */,
				8F6104DF2A028323005E0E81 /* Staff.swift in Sources */,
			);
			runOnlyForDeploymentPostprocessing = 0;
		};
/* End PBXSourcesBuildPhase section */

/* Begin XCBuildConfiguration section */
		8F6104CF2A0261CD005E0E81 /* Debug */ = {
			isa = XCBuildConfiguration;
			buildSettings = {
				ALWAYS_SEARCH_USER_PATHS = NO;
				CLANG_ANALYZER_NONNULL = YES;
				CLANG_ANALYZER_NUMBER_OBJECT_CONVERSION = YES_AGGRESSIVE;
				CLANG_CXX_LANGUAGE_STANDARD = "gnu++20";
				CLANG_ENABLE_MODULES = YES;
				CLANG_ENABLE_OBJC_ARC = YES;
				CLANG_ENABLE_OBJC_WEAK = YES;
				CLANG_WARN_BLOCK_CAPTURE_AUTORELEASING = YES;
				CLANG_WARN_BOOL_CONVERSION = YES;
				CLANG_WARN_COMMA = YES;
				CLANG_WARN_CONSTANT_CONVERSION = YES;
				CLANG_WARN_DEPRECATED_OBJC_IMPLEMENTATIONS = YES;
				CLANG_WARN_DIRECT_OBJC_ISA_USAGE = YES_ERROR;
				CLANG_WARN_DOCUMENTATION_COMMENTS = YES;
				CLANG_WARN_EMPTY_BODY = YES;
				CLANG_WARN_ENUM_CONVERSION = YES;
				CLANG_WARN_INFINITE_RECURSION = YES;
				CLANG_WARN_INT_CONVERSION = YES;
				CLANG_WARN_NON_LITERAL_NULL_CONVERSION = YES;
				CLANG_WARN_OBJC_IMPLICIT_RETAIN_SELF = YES;
				CLANG_WARN_OBJC_LITERAL_CONVERSION = YES;
				CLANG_WARN_OBJC_ROOT_CLASS = YES_ERROR;
				CLANG_WARN_QUOTED_INCLUDE_IN_FRAMEWORK_HEADER = YES;
				CLANG_WARN_RANGE_LOOP_ANALYSIS = YES;
				CLANG_WARN_STRICT_PROTOTYPES = YES;
				CLANG_WARN_SUSPICIOUS_MOVE = YES;
				CLANG_WARN_UNGUARDED_AVAILABILITY = YES_AGGRESSIVE;
				CLANG_WARN_UNREACHABLE_CODE = YES;
				CLANG_WARN__DUPLICATE_METHOD_MATCH = YES;
				COPY_PHASE_STRIP = NO;
				DEBUG_INFORMATION_FORMAT = dwarf;
				ENABLE_STRICT_OBJC_MSGSEND = YES;
				ENABLE_TESTABILITY = YES;
				GCC_C_LANGUAGE_STANDARD = gnu11;
				GCC_DYNAMIC_NO_PIC = NO;
				GCC_NO_COMMON_BLOCKS = YES;
				GCC_OPTIMIZATION_LEVEL = 0;
				GCC_PREPROCESSOR_DEFINITIONS = (
					"DEBUG=1",
					"$(inherited)",
				);
				GCC_WARN_64_TO_32_BIT_CONVERSION = YES;
				GCC_WARN_ABOUT_RETURN_TYPE = YES_ERROR;
				GCC_WARN_UNDECLARED_SELECTOR = YES;
				GCC_WARN_UNINITIALIZED_AUTOS = YES_AGGRESSIVE;
				GCC_WARN_UNUSED_FUNCTION = YES;
				GCC_WARN_UNUSED_VARIABLE = YES;
				IPHONEOS_DEPLOYMENT_TARGET = 16.4;
				MTL_ENABLE_DEBUG_INFO = INCLUDE_SOURCE;
				MTL_FAST_MATH = YES;
				ONLY_ACTIVE_ARCH = YES;
				SDKROOT = iphoneos;
				SWIFT_ACTIVE_COMPILATION_CONDITIONS = DEBUG;
				SWIFT_OPTIMIZATION_LEVEL = "-Onone";
			};
			name = Debug;
		};
		8F6104D02A0261CD005E0E81 /* Release */ = {
			isa = XCBuildConfiguration;
			buildSettings = {
				ALWAYS_SEARCH_USER_PATHS = NO;
				CLANG_ANALYZER_NONNULL = YES;
				CLANG_ANALYZER_NUMBER_OBJECT_CONVERSION = YES_AGGRESSIVE;
				CLANG_CXX_LANGUAGE_STANDARD = "gnu++20";
				CLANG_ENABLE_MODULES = YES;
				CLANG_ENABLE_OBJC_ARC = YES;
				CLANG_ENABLE_OBJC_WEAK = YES;
				CLANG_WARN_BLOCK_CAPTURE_AUTORELEASING = YES;
				CLANG_WARN_BOOL_CONVERSION = YES;
				CLANG_WARN_COMMA = YES;
				CLANG_WARN_CONSTANT_CONVERSION = YES;
				CLANG_WARN_DEPRECATED_OBJC_IMPLEMENTATIONS = YES;
				CLANG_WARN_DIRECT_OBJC_ISA_USAGE = YES_ERROR;
				CLANG_WARN_DOCUMENTATION_COMMENTS = YES;
				CLANG_WARN_EMPTY_BODY = YES;
				CLANG_WARN_ENUM_CONVERSION = YES;
				CLANG_WARN_INFINITE_RECURSION = YES;
				CLANG_WARN_INT_CONVERSION = YES;
				CLANG_WARN_NON_LITERAL_NULL_CONVERSION = YES;
				CLANG_WARN_OBJC_IMPLICIT_RETAIN_SELF = YES;
				CLANG_WARN_OBJC_LITERAL_CONVERSION = YES;
				CLANG_WARN_OBJC_ROOT_CLASS = YES_ERROR;
				CLANG_WARN_QUOTED_INCLUDE_IN_FRAMEWORK_HEADER = YES;
				CLANG_WARN_RANGE_LOOP_ANALYSIS = YES;
				CLANG_WARN_STRICT_PROTOTYPES = YES;
				CLANG_WARN_SUSPICIOUS_MOVE = YES;
				CLANG_WARN_UNGUARDED_AVAILABILITY = YES_AGGRESSIVE;
				CLANG_WARN_UNREACHABLE_CODE = YES;
				CLANG_WARN__DUPLICATE_METHOD_MATCH = YES;
				COPY_PHASE_STRIP = NO;
				DEBUG_INFORMATION_FORMAT = "dwarf-with-dsym";
				ENABLE_NS_ASSERTIONS = NO;
				ENABLE_STRICT_OBJC_MSGSEND = YES;
				GCC_C_LANGUAGE_STANDARD = gnu11;
				GCC_NO_COMMON_BLOCKS = YES;
				GCC_WARN_64_TO_32_BIT_CONVERSION = YES;
				GCC_WARN_ABOUT_RETURN_TYPE = YES_ERROR;
				GCC_WARN_UNDECLARED_SELECTOR = YES;
				GCC_WARN_UNINITIALIZED_AUTOS = YES_AGGRESSIVE;
				GCC_WARN_UNUSED_FUNCTION = YES;
				GCC_WARN_UNUSED_VARIABLE = YES;
				IPHONEOS_DEPLOYMENT_TARGET = 16.4;
				MTL_ENABLE_DEBUG_INFO = NO;
				MTL_FAST_MATH = YES;
				SDKROOT = iphoneos;
				SWIFT_COMPILATION_MODE = wholemodule;
				SWIFT_OPTIMIZATION_LEVEL = "-O";
				VALIDATE_PRODUCT = YES;
			};
			name = Release;
		};
		8F6104D22A0261CD005E0E81 /* Debug */ = {
			isa = XCBuildConfiguration;
			buildSettings = {
				ASSETCATALOG_COMPILER_APPICON_NAME = AppIcon;
				ASSETCATALOG_COMPILER_GLOBAL_ACCENT_COLOR_NAME = AccentColor;
				CODE_SIGN_STYLE = Automatic;
				CURRENT_PROJECT_VERSION = 1;
				DEVELOPMENT_ASSET_PATHS = "\"AppliAFP/Preview Content\"";
				DEVELOPMENT_TEAM = 7DD844695V;
				ENABLE_PREVIEWS = YES;
				GENERATE_INFOPLIST_FILE = YES;
				INFOPLIST_KEY_UIApplicationSceneManifest_Generation = YES;
				INFOPLIST_KEY_UIApplicationSupportsIndirectInputEvents = YES;
				INFOPLIST_KEY_UILaunchScreen_Generation = YES;
				INFOPLIST_KEY_UISupportedInterfaceOrientations_iPad = "UIInterfaceOrientationPortrait UIInterfaceOrientationPortraitUpsideDown UIInterfaceOrientationLandscapeLeft UIInterfaceOrientationLandscapeRight";
				INFOPLIST_KEY_UISupportedInterfaceOrientations_iPhone = "UIInterfaceOrientationPortrait UIInterfaceOrientationLandscapeLeft UIInterfaceOrientationLandscapeRight";
				LD_RUNPATH_SEARCH_PATHS = (
					"$(inherited)",
					"@executable_path/Frameworks",
				);
				MARKETING_VERSION = 1.0;
				PRODUCT_BUNDLE_IDENTIFIER = Marine.AppliAFP;
				PRODUCT_NAME = "$(TARGET_NAME)";
				SWIFT_EMIT_LOC_STRINGS = YES;
				SWIFT_VERSION = 5.0;
				TARGETED_DEVICE_FAMILY = "1,2";
			};
			name = Debug;
		};
		8F6104D32A0261CD005E0E81 /* Release */ = {
			isa = XCBuildConfiguration;
			buildSettings = {
				ASSETCATALOG_COMPILER_APPICON_NAME = AppIcon;
				ASSETCATALOG_COMPILER_GLOBAL_ACCENT_COLOR_NAME = AccentColor;
				CODE_SIGN_STYLE = Automatic;
				CURRENT_PROJECT_VERSION = 1;
				DEVELOPMENT_ASSET_PATHS = "\"AppliAFP/Preview Content\"";
				DEVELOPMENT_TEAM = 7DD844695V;
				ENABLE_PREVIEWS = YES;
				GENERATE_INFOPLIST_FILE = YES;
				INFOPLIST_KEY_UIApplicationSceneManifest_Generation = YES;
				INFOPLIST_KEY_UIApplicationSupportsIndirectInputEvents = YES;
				INFOPLIST_KEY_UILaunchScreen_Generation = YES;
				INFOPLIST_KEY_UISupportedInterfaceOrientations_iPad = "UIInterfaceOrientationPortrait UIInterfaceOrientationPortraitUpsideDown UIInterfaceOrientationLandscapeLeft UIInterfaceOrientationLandscapeRight";
				INFOPLIST_KEY_UISupportedInterfaceOrientations_iPhone = "UIInterfaceOrientationPortrait UIInterfaceOrientationLandscapeLeft UIInterfaceOrientationLandscapeRight";
				LD_RUNPATH_SEARCH_PATHS = (
					"$(inherited)",
					"@executable_path/Frameworks",
				);
				MARKETING_VERSION = 1.0;
				PRODUCT_BUNDLE_IDENTIFIER = Marine.AppliAFP;
				PRODUCT_NAME = "$(TARGET_NAME)";
				SWIFT_EMIT_LOC_STRINGS = YES;
				SWIFT_VERSION = 5.0;
				TARGETED_DEVICE_FAMILY = "1,2";
			};
			name = Release;
		};
/* End XCBuildConfiguration section */

/* Begin XCConfigurationList section */
		8F6104BE2A0261CB005E0E81 /* Build configuration list for PBXProject "AppliAFP" */ = {
			isa = XCConfigurationList;
			buildConfigurations = (
				8F6104CF2A0261CD005E0E81 /* Debug */,
				8F6104D02A0261CD005E0E81 /* Release */,
			);
			defaultConfigurationIsVisible = 0;
			defaultConfigurationName = Release;
		};
		8F6104D12A0261CD005E0E81 /* Build configuration list for PBXNativeTarget "AppliAFP" */ = {
			isa = XCConfigurationList;
			buildConfigurations = (
				8F6104D22A0261CD005E0E81 /* Debug */,
				8F6104D32A0261CD005E0E81 /* Release */,
			);
			defaultConfigurationIsVisible = 0;
			defaultConfigurationName = Release;
		};
/* End XCConfigurationList section */
	};
	rootObject = 8F6104BB2A0261CB005E0E81 /* Project object */;
}
